
Microsoft Visual Studio Solution File, Format Version 12.00
# Visual Studio Version 17
VisualStudioVersion = 17.8.34525.116
MinimumVisualStudioVersion = 10.0.40219.1
Project("{FAE04EC0-301F-11D3-BF4B-00C04F79EFBC}") = "Examen1Ejercio3", "Examen1Ejercio3\Examen1Ejercio3.csproj", "{06F0E045-9562-4F28-8D21-7F35E9C17C30}"
EndProject
Global
	GlobalSection(SolutionConfigurationPlatforms) = preSolution
		Debug|Any CPU = Debug|Any CPU
		Release|Any CPU = Release|Any CPU
	EndGlobalSection
	GlobalSection(ProjectConfigurationPlatforms) = postSolution
		{06F0E045-9562-4F28-8D21-7F35E9C17C30}.Debug|Any CPU.ActiveCfg = Debug|Any CPU
		{06F0E045-9562-4F28-8D21-7F35E9C17C30}.Debug|Any CPU.Build.0 = Debug|Any CPU
		{06F0E045-9562-4F28-8D21-7F35E9C17C30}.Release|Any CPU.ActiveCfg = Release|Any CPU
		{06F0E045-9562-4F28-8D21-7F35E9C17C30}.Release|Any CPU.Build.0 = Release|Any CPU
	EndGlobalSection
	GlobalSection(SolutionProperties) = preSolution
		HideSolutionNode = FALSE
	EndGlobalSection
	GlobalSection(ExtensibilityGlobals) = postSolution
		SolutionGuid = {AF46C000-1376-480B-A707-F8842EAFB015}
	EndGlobalSection
EndGlobal
